
Microsoft Visual Studio Solution File, Format Version 12.00
# Visual Studio 15
VisualStudioVersion = 15.0.27703.2026
MinimumVisualStudioVersion = 10.0.40219.1
Project("{FAE04EC0-301F-11D3-BF4B-00C04F79EFBC}") = "BorrowedGames", "BorrowedGames\BorrowedGames.csproj", "{BDF53C86-5996-4D36-81E0-4022941B3220}"
EndProject
Project("{FAE04EC0-301F-11D3-BF4B-00C04F79EFBC}") = "BorrowedGames.Tests", "BorrowedGames.Tests\BorrowedGames.Tests.csproj", "{5EE1A41C-3952-47B2-A404-F524989C769A}"
EndProject
Global
	GlobalSection(SolutionConfigurationPlatforms) = preSolution
		Debug|Any CPU = Debug|Any CPU
		Release|Any CPU = Release|Any CPU
	EndGlobalSection
	GlobalSection(ProjectConfigurationPlatforms) = postSolution
		{BDF53C86-5996-4D36-81E0-4022941B3220}.Debug|Any CPU.ActiveCfg = Debug|Any CPU
		{BDF53C86-5996-4D36-81E0-4022941B3220}.Debug|Any CPU.Build.0 = Debug|Any CPU
		{BDF53C86-5996-4D36-81E0-4022941B3220}.Release|Any CPU.ActiveCfg = Release|Any CPU
		{BDF53C86-5996-4D36-81E0-4022941B3220}.Release|Any CPU.Build.0 = Release|Any CPU
		{5EE1A41C-3952-47B2-A404-F524989C769A}.Debug|Any CPU.ActiveCfg = Debug|Any CPU
		{5EE1A41C-3952-47B2-A404-F524989C769A}.Debug|Any CPU.Build.0 = Debug|Any CPU
		{5EE1A41C-3952-47B2-A404-F524989C769A}.Release|Any CPU.ActiveCfg = Release|Any CPU
		{5EE1A41C-3952-47B2-A404-F524989C769A}.Release|Any CPU.Build.0 = Release|Any CPU
	EndGlobalSection
	GlobalSection(SolutionProperties) = preSolution
		HideSolutionNode = FALSE
	EndGlobalSection
	GlobalSection(ExtensibilityGlobals) = postSolution
		SolutionGuid = {E1BC1F76-3151-4E6C-9ED9-36235A37FD80}
	EndGlobalSection
EndGlobal
