
Microsoft Visual Studio Solution File, Format Version 12.00
# Visual Studio 15
VisualStudioVersion = 15.0.27703.2026
MinimumVisualStudioVersion = 10.0.40219.1
Project("{FAE04EC0-301F-11D3-BF4B-00C04F79EFBC}") = "BorrowedGames.Web", "BorrowedGames.Web\BorrowedGames.Web.csproj", "{0E5E2060-96B6-4ABD-BFF0-823DD1E5FCE4}"
EndProject
Project("{FAE04EC0-301F-11D3-BF4B-00C04F79EFBC}") = "BorrowedGames.Web.Tests", "BorrowedGames.Web.Tests\BorrowedGames.Web.Tests.csproj", "{DDFF4615-FA99-462B-B033-8C53DF5B9CEF}"
EndProject
Project("{2150E333-8FDC-42A3-9474-1A3956D46DE8}") = "UI", "UI", "{7BE8A051-C0F0-43E2-AF3C-4B40E63837E1}"
EndProject
Project("{2150E333-8FDC-42A3-9474-1A3956D46DE8}") = "Domain", "Domain", "{AE25A895-82E0-42BC-A42A-C165E0F370EC}"
EndProject
Project("{FAE04EC0-301F-11D3-BF4B-00C04F79EFBC}") = "BorrowedGames.Domain", "BorrowedGames.Domain\BorrowedGames.Domain.csproj", "{366BEFD0-A451-448A-BBB0-0CA0D00198A3}"
EndProject
Project("{FAE04EC0-301F-11D3-BF4B-00C04F79EFBC}") = "BorrowedGames.Domain.Tests", "BorrowedGames.Domain.Tests\BorrowedGames.Domain.Tests.csproj", "{2E382269-B935-4E18-80B1-660C0159075D}"
EndProject
Project("{2150E333-8FDC-42A3-9474-1A3956D46DE8}") = "Repositories", "Repositories", "{BCD76430-C347-4807-AE13-BE4CDE2A66FD}"
EndProject
Project("{FAE04EC0-301F-11D3-BF4B-00C04F79EFBC}") = "BorrowedGames.Repositories", "BorrowedGames.Repositories\BorrowedGames.Repositories.csproj", "{F3A3C071-C143-4FC2-9F7E-90AE61FEAA6A}"
EndProject
Project("{FAE04EC0-301F-11D3-BF4B-00C04F79EFBC}") = "BorrowedGames.Repositories.Tests", "BorrowedGames.Repositories.Tests\BorrowedGames.Repositories.Tests.csproj", "{91D8F877-8AC0-42F8-BBFF-79527C701961}"
EndProject
Project("{2150E333-8FDC-42A3-9474-1A3956D46DE8}") = "App", "App", "{25CAEC1C-E066-4330-AF21-03673AF3723C}"
EndProject
Project("{FAE04EC0-301F-11D3-BF4B-00C04F79EFBC}") = "BorrowedGames.App", "BorrowedGames.App\BorrowedGames.App.csproj", "{5690E49D-650B-4046-87A7-C123A7A8D3B1}"
EndProject
Project("{FAE04EC0-301F-11D3-BF4B-00C04F79EFBC}") = "BorrowedGames.App.Tests", "BorrowedGames.App.Tests\BorrowedGames.App.Tests.csproj", "{091ADCF1-1114-456A-84D8-9C5EAD537EC9}"
EndProject
Project("{2150E333-8FDC-42A3-9474-1A3956D46DE8}") = "Helpers", "Helpers", "{D1C7A68A-A9CB-4C75-B9AD-6E0C0C3AE9A1}"
EndProject
Project("{FAE04EC0-301F-11D3-BF4B-00C04F79EFBC}") = "BorrowedGames.Helpers", "BorrowedGames.Helpers\BorrowedGames.Helpers.csproj", "{2359CF87-8336-4875-B3FA-5137A2A3A3AD}"
EndProject
Project("{FAE04EC0-301F-11D3-BF4B-00C04F79EFBC}") = "BorrowedGames.Helpers.Tests", "BorrowedGames.Helpers.Tests\BorrowedGames.Helpers.Tests.csproj", "{D116354A-ACE2-4856-AE01-1984828AB32F}"
EndProject
Project("{2150E333-8FDC-42A3-9474-1A3956D46DE8}") = "StartUp", "StartUp", "{A20E3CA9-737B-4E62-9643-5C7103C12A9A}"
EndProject
Project("{FAE04EC0-301F-11D3-BF4B-00C04F79EFBC}") = "BorrowedGames.StartUp", "BorrowedGames.StartUp\BorrowedGames.StartUp.csproj", "{8ED5EBCE-02BB-4D6E-B500-10C2F5AE13DD}"
EndProject
Project("{FAE04EC0-301F-11D3-BF4B-00C04F79EFBC}") = "BorrowedGames.StartUp.Tests", "BorrowedGames.StartUp.Tests\BorrowedGames.StartUp.Tests.csproj", "{3AC9F299-DBFF-4697-9F06-27644434F4F1}"
EndProject
Project("{9A19103F-16F7-4668-BE54-9A1E7A4F7556}") = "BorrowedGames.Helpers.TestHelpers", "BorrowedGames.Helpers.TestHelpers\BorrowedGames.Helpers.TestHelpers.csproj", "{179F3624-6914-48B5-BCE7-E6E70E3DA1B8}"
EndProject
Global
	GlobalSection(SolutionConfigurationPlatforms) = preSolution
		Debug|Any CPU = Debug|Any CPU
		Release|Any CPU = Release|Any CPU
	EndGlobalSection
	GlobalSection(ProjectConfigurationPlatforms) = postSolution
		{0E5E2060-96B6-4ABD-BFF0-823DD1E5FCE4}.Debug|Any CPU.ActiveCfg = Debug|Any CPU
		{0E5E2060-96B6-4ABD-BFF0-823DD1E5FCE4}.Debug|Any CPU.Build.0 = Debug|Any CPU
		{0E5E2060-96B6-4ABD-BFF0-823DD1E5FCE4}.Release|Any CPU.ActiveCfg = Release|Any CPU
		{0E5E2060-96B6-4ABD-BFF0-823DD1E5FCE4}.Release|Any CPU.Build.0 = Release|Any CPU
		{DDFF4615-FA99-462B-B033-8C53DF5B9CEF}.Debug|Any CPU.ActiveCfg = Debug|Any CPU
		{DDFF4615-FA99-462B-B033-8C53DF5B9CEF}.Debug|Any CPU.Build.0 = Debug|Any CPU
		{DDFF4615-FA99-462B-B033-8C53DF5B9CEF}.Release|Any CPU.ActiveCfg = Release|Any CPU
		{DDFF4615-FA99-462B-B033-8C53DF5B9CEF}.Release|Any CPU.Build.0 = Release|Any CPU
		{366BEFD0-A451-448A-BBB0-0CA0D00198A3}.Debug|Any CPU.ActiveCfg = Debug|Any CPU
		{366BEFD0-A451-448A-BBB0-0CA0D00198A3}.Debug|Any CPU.Build.0 = Debug|Any CPU
		{366BEFD0-A451-448A-BBB0-0CA0D00198A3}.Release|Any CPU.ActiveCfg = Release|Any CPU
		{366BEFD0-A451-448A-BBB0-0CA0D00198A3}.Release|Any CPU.Build.0 = Release|Any CPU
		{2E382269-B935-4E18-80B1-660C0159075D}.Debug|Any CPU.ActiveCfg = Debug|Any CPU
		{2E382269-B935-4E18-80B1-660C0159075D}.Debug|Any CPU.Build.0 = Debug|Any CPU
		{2E382269-B935-4E18-80B1-660C0159075D}.Release|Any CPU.ActiveCfg = Release|Any CPU
		{2E382269-B935-4E18-80B1-660C0159075D}.Release|Any CPU.Build.0 = Release|Any CPU
		{F3A3C071-C143-4FC2-9F7E-90AE61FEAA6A}.Debug|Any CPU.ActiveCfg = Debug|Any CPU
		{F3A3C071-C143-4FC2-9F7E-90AE61FEAA6A}.Debug|Any CPU.Build.0 = Debug|Any CPU
		{F3A3C071-C143-4FC2-9F7E-90AE61FEAA6A}.Release|Any CPU.ActiveCfg = Release|Any CPU
		{F3A3C071-C143-4FC2-9F7E-90AE61FEAA6A}.Release|Any CPU.Build.0 = Release|Any CPU
		{91D8F877-8AC0-42F8-BBFF-79527C701961}.Debug|Any CPU.ActiveCfg = Debug|Any CPU
		{91D8F877-8AC0-42F8-BBFF-79527C701961}.Debug|Any CPU.Build.0 = Debug|Any CPU
		{91D8F877-8AC0-42F8-BBFF-79527C701961}.Release|Any CPU.ActiveCfg = Release|Any CPU
		{91D8F877-8AC0-42F8-BBFF-79527C701961}.Release|Any CPU.Build.0 = Release|Any CPU
		{5690E49D-650B-4046-87A7-C123A7A8D3B1}.Debug|Any CPU.ActiveCfg = Debug|Any CPU
		{5690E49D-650B-4046-87A7-C123A7A8D3B1}.Debug|Any CPU.Build.0 = Debug|Any CPU
		{5690E49D-650B-4046-87A7-C123A7A8D3B1}.Release|Any CPU.ActiveCfg = Release|Any CPU
		{5690E49D-650B-4046-87A7-C123A7A8D3B1}.Release|Any CPU.Build.0 = Release|Any CPU
		{091ADCF1-1114-456A-84D8-9C5EAD537EC9}.Debug|Any CPU.ActiveCfg = Debug|Any CPU
		{091ADCF1-1114-456A-84D8-9C5EAD537EC9}.Debug|Any CPU.Build.0 = Debug|Any CPU
		{091ADCF1-1114-456A-84D8-9C5EAD537EC9}.Release|Any CPU.ActiveCfg = Release|Any CPU
		{091ADCF1-1114-456A-84D8-9C5EAD537EC9}.Release|Any CPU.Build.0 = Release|Any CPU
		{2359CF87-8336-4875-B3FA-5137A2A3A3AD}.Debug|Any CPU.ActiveCfg = Debug|Any CPU
		{2359CF87-8336-4875-B3FA-5137A2A3A3AD}.Debug|Any CPU.Build.0 = Debug|Any CPU
		{2359CF87-8336-4875-B3FA-5137A2A3A3AD}.Release|Any CPU.ActiveCfg = Release|Any CPU
		{2359CF87-8336-4875-B3FA-5137A2A3A3AD}.Release|Any CPU.Build.0 = Release|Any CPU
		{D116354A-ACE2-4856-AE01-1984828AB32F}.Debug|Any CPU.ActiveCfg = Debug|Any CPU
		{D116354A-ACE2-4856-AE01-1984828AB32F}.Debug|Any CPU.Build.0 = Debug|Any CPU
		{D116354A-ACE2-4856-AE01-1984828AB32F}.Release|Any CPU.ActiveCfg = Release|Any CPU
		{D116354A-ACE2-4856-AE01-1984828AB32F}.Release|Any CPU.Build.0 = Release|Any CPU
		{8ED5EBCE-02BB-4D6E-B500-10C2F5AE13DD}.Debug|Any CPU.ActiveCfg = Debug|Any CPU
		{8ED5EBCE-02BB-4D6E-B500-10C2F5AE13DD}.Debug|Any CPU.Build.0 = Debug|Any CPU
		{8ED5EBCE-02BB-4D6E-B500-10C2F5AE13DD}.Release|Any CPU.ActiveCfg = Release|Any CPU
		{8ED5EBCE-02BB-4D6E-B500-10C2F5AE13DD}.Release|Any CPU.Build.0 = Release|Any CPU
		{3AC9F299-DBFF-4697-9F06-27644434F4F1}.Debug|Any CPU.ActiveCfg = Debug|Any CPU
		{3AC9F299-DBFF-4697-9F06-27644434F4F1}.Debug|Any CPU.Build.0 = Debug|Any CPU
		{3AC9F299-DBFF-4697-9F06-27644434F4F1}.Release|Any CPU.ActiveCfg = Release|Any CPU
		{3AC9F299-DBFF-4697-9F06-27644434F4F1}.Release|Any CPU.Build.0 = Release|Any CPU
		{179F3624-6914-48B5-BCE7-E6E70E3DA1B8}.Debug|Any CPU.ActiveCfg = Debug|Any CPU
		{179F3624-6914-48B5-BCE7-E6E70E3DA1B8}.Debug|Any CPU.Build.0 = Debug|Any CPU
		{179F3624-6914-48B5-BCE7-E6E70E3DA1B8}.Release|Any CPU.ActiveCfg = Release|Any CPU
		{179F3624-6914-48B5-BCE7-E6E70E3DA1B8}.Release|Any CPU.Build.0 = Release|Any CPU
	EndGlobalSection
	GlobalSection(SolutionProperties) = preSolution
		HideSolutionNode = FALSE
	EndGlobalSection
	GlobalSection(NestedProjects) = preSolution
		{0E5E2060-96B6-4ABD-BFF0-823DD1E5FCE4} = {7BE8A051-C0F0-43E2-AF3C-4B40E63837E1}
		{DDFF4615-FA99-462B-B033-8C53DF5B9CEF} = {7BE8A051-C0F0-43E2-AF3C-4B40E63837E1}
		{366BEFD0-A451-448A-BBB0-0CA0D00198A3} = {AE25A895-82E0-42BC-A42A-C165E0F370EC}
		{2E382269-B935-4E18-80B1-660C0159075D} = {AE25A895-82E0-42BC-A42A-C165E0F370EC}
		{F3A3C071-C143-4FC2-9F7E-90AE61FEAA6A} = {BCD76430-C347-4807-AE13-BE4CDE2A66FD}
		{91D8F877-8AC0-42F8-BBFF-79527C701961} = {BCD76430-C347-4807-AE13-BE4CDE2A66FD}
		{5690E49D-650B-4046-87A7-C123A7A8D3B1} = {25CAEC1C-E066-4330-AF21-03673AF3723C}
		{091ADCF1-1114-456A-84D8-9C5EAD537EC9} = {25CAEC1C-E066-4330-AF21-03673AF3723C}
		{2359CF87-8336-4875-B3FA-5137A2A3A3AD} = {D1C7A68A-A9CB-4C75-B9AD-6E0C0C3AE9A1}
		{D116354A-ACE2-4856-AE01-1984828AB32F} = {D1C7A68A-A9CB-4C75-B9AD-6E0C0C3AE9A1}
		{8ED5EBCE-02BB-4D6E-B500-10C2F5AE13DD} = {A20E3CA9-737B-4E62-9643-5C7103C12A9A}
		{3AC9F299-DBFF-4697-9F06-27644434F4F1} = {A20E3CA9-737B-4E62-9643-5C7103C12A9A}
		{179F3624-6914-48B5-BCE7-E6E70E3DA1B8} = {D1C7A68A-A9CB-4C75-B9AD-6E0C0C3AE9A1}
	EndGlobalSection
	GlobalSection(ExtensibilityGlobals) = postSolution
		SolutionGuid = {F87DDC90-B2B7-48DE-8E7F-0AB188B21982}
	EndGlobalSection
EndGlobal
